// !$*UTF8*$!
{
	archiveVersion = 1;
	classes = {
	};
	objectVersion = 48;
	objects = {

/* Begin PBXBuildFile section */
		59F4E6E6203E0E4600E55324 /* main.cpp in Sources */ = {isa = PBXBuildFile; fileRef = 59F4E6E5203E0E4600E55324 /* main.cpp */; };
		59F4E6EE203E106800E55324 /* LSM.cpp in Sources */ = {isa = PBXBuildFile; fileRef = 59F4E6EC203E106800E55324 /* LSM.cpp */; };
		59F4E6FA203F405F00E55324 /* Tree.cpp in Sources */ = {isa = PBXBuildFile; fileRef = 59F4E6F8203F405F00E55324 /* Tree.cpp */; };
		59F4E703204C6A4700E55324 /* Bloom_Filter.cpp in Sources */ = {isa = PBXBuildFile; fileRef = 59F4E701204C6A4700E55324 /* Bloom_Filter.cpp */; };
/* End PBXBuildFile section */

/* Begin PBXCopyFilesBuildPhase section */
		59F4E6E0203E0E4600E55324 /* CopyFiles */ = {
			isa = PBXCopyFilesBuildPhase;
			buildActionMask = 2147483647;
			dstPath = /usr/share/man/man1/;
			dstSubfolderSpec = 0;
			files = (
			);
			runOnlyForDeploymentPostprocessing = 1;
		};
/* End PBXCopyFilesBuildPhase section */

/* Begin PBXFileReference section */
		59F4E6E2203E0E4600E55324 /* LSM_Tree */ = {isa = PBXFileReference; explicitFileType = "compiled.mach-o.executable"; includeInIndex = 0; path = LSM_Tree; sourceTree = BUILT_PRODUCTS_DIR; };
		59F4E6E5203E0E4600E55324 /* main.cpp */ = {isa = PBXFileReference; lastKnownFileType = sourcecode.cpp.cpp; path = main.cpp; sourceTree = "<group>"; };
		59F4E6EC203E106800E55324 /* LSM.cpp */ = {isa = PBXFileReference; lastKnownFileType = sourcecode.cpp.cpp; path = LSM.cpp; sourceTree = "<group>"; };
		59F4E6ED203E106800E55324 /* LSM.hpp */ = {isa = PBXFileReference; lastKnownFileType = sourcecode.cpp.h; path = LSM.hpp; sourceTree = "<group>"; };
		59F4E6F8203F405F00E55324 /* Tree.cpp */ = {isa = PBXFileReference; lastKnownFileType = sourcecode.cpp.cpp; path = Tree.cpp; sourceTree = "<group>"; };
		59F4E6F9203F405F00E55324 /* Tree.hpp */ = {isa = PBXFileReference; lastKnownFileType = sourcecode.cpp.h; path = Tree.hpp; sourceTree = "<group>"; };
		59F4E701204C6A4700E55324 /* Bloom_Filter.cpp */ = {isa = PBXFileReference; lastKnownFileType = sourcecode.cpp.cpp; path = Bloom_Filter.cpp; sourceTree = "<group>"; };
		59F4E702204C6A4700E55324 /* Bloom_Filter.hpp */ = {isa = PBXFileReference; lastKnownFileType = sourcecode.cpp.h; path = Bloom_Filter.hpp; sourceTree = "<group>"; };
/* End PBXFileReference section */

/* Begin PBXFrameworksBuildPhase section */
		59F4E6DF203E0E4600E55324 /* Frameworks */ = {
			isa = PBXFrameworksBuildPhase;
			buildActionMask = 2147483647;
			files = (
			);
			runOnlyForDeploymentPostprocessing = 0;
		};
/* End PBXFrameworksBuildPhase section */

/* Begin PBXGroup section */
		59F4E6D9203E0E4600E55324 = {
			isa = PBXGroup;
			children = (
				59F4E6E4203E0E4600E55324 /* LSM_Tree */,
				59F4E6E3203E0E4600E55324 /* Products */,
			);
			sourceTree = "<group>";
		};
		59F4E6E3203E0E4600E55324 /* Products */ = {
			isa = PBXGroup;
			children = (
				59F4E6E2203E0E4600E55324 /* LSM_Tree */,
			);
			name = Products;
			sourceTree = "<group>";
		};
		59F4E6E4203E0E4600E55324 /* LSM_Tree */ = {
			isa = PBXGroup;
			children = (
				59F4E6E5203E0E4600E55324 /* main.cpp */,
				59F4E6EC203E106800E55324 /* LSM.cpp */,
				59F4E6ED203E106800E55324 /* LSM.hpp */,
				59F4E6F8203F405F00E55324 /* Tree.cpp */,
				59F4E6F9203F405F00E55324 /* Tree.hpp */,
				59F4E701204C6A4700E55324 /* Bloom_Filter.cpp */,
				59F4E702204C6A4700E55324 /* Bloom_Filter.hpp */,
			);
			path = LSM_Tree;
			sourceTree = "<group>";
		};
/* End PBXGroup section */

/* Begin PBXNativeTarget section */
		59F4E6E1203E0E4600E55324 /* LSM_Tree */ = {
			isa = PBXNativeTarget;
			buildConfigurationList = 59F4E6E9203E0E4600E55324 /* Build configuration list for PBXNativeTarget "LSM_Tree" */;
			buildPhases = (
				59F4E6DE203E0E4600E55324 /* Sources */,
				59F4E6DF203E0E4600E55324 /* Frameworks */,
				59F4E6E0203E0E4600E55324 /* CopyFiles */,
			);
			buildRules = (
			);
			dependencies = (
			);
			name = LSM_Tree;
			productName = LSM_Tree;
			productReference = 59F4E6E2203E0E4600E55324 /* LSM_Tree */;
			productType = "com.apple.product-type.tool";
		};
/* End PBXNativeTarget section */

/* Begin PBXProject section */
		59F4E6DA203E0E4600E55324 /* Project object */ = {
			isa = PBXProject;
			attributes = {
				LastUpgradeCheck = 0920;
				ORGANIZATIONNAME = "Shiyu Huang";
				TargetAttributes = {
					59F4E6E1203E0E4600E55324 = {
						CreatedOnToolsVersion = 9.2;
						ProvisioningStyle = Automatic;
					};
				};
			};
			buildConfigurationList = 59F4E6DD203E0E4600E55324 /* Build configuration list for PBXProject "LSM_Tree" */;
			compatibilityVersion = "Xcode 8.0";
			developmentRegion = en;
			hasScannedForEncodings = 0;
			knownRegions = (
				en,
			);
			mainGroup = 59F4E6D9203E0E4600E55324;
			productRefGroup = 59F4E6E3203E0E4600E55324 /* Products */;
			projectDirPath = "";
			projectRoot = "";
			targets = (
				59F4E6E1203E0E4600E55324 /* LSM_Tree */,
			);
		};
/* End PBXProject section */

/* Begin PBXSourcesBuildPhase section */
		59F4E6DE203E0E4600E55324 /* Sources */ = {
			isa = PBXSourcesBuildPhase;
			buildActionMask = 2147483647;
			files = (
				59F4E6EE203E106800E55324 /* LSM.cpp in Sources */,
				59F4E6E6203E0E4600E55324 /* main.cpp in Sources */,
				59F4E6FA203F405F00E55324 /* Tree.cpp in Sources */,
				59F4E703204C6A4700E55324 /* Bloom_Filter.cpp in Sources */,
			);
			runOnlyForDeploymentPostprocessing = 0;
		};
/* End PBXSourcesBuildPhase section */

/* Begin XCBuildConfiguration section */
		59F4E6E7203E0E4600E55324 /* Debug */ = {
			isa = XCBuildConfiguration;
			buildSettings = {
				ALWAYS_SEARCH_USER_PATHS = NO;
				CLANG_ANALYZER_NONNULL = YES;
				CLANG_ANALYZER_NUMBER_OBJECT_CONVERSION = YES_AGGRESSIVE;
				CLANG_CXX_LANGUAGE_STANDARD = "gnu++14";
				CLANG_CXX_LIBRARY = "libc++";
				CLANG_ENABLE_MODULES = YES;
				CLANG_ENABLE_OBJC_ARC = YES;
				CLANG_WARN_BLOCK_CAPTURE_AUTORELEASING = YES;
				CLANG_WARN_BOOL_CONVERSION = YES;
				CLANG_WARN_COMMA = YES;
				CLANG_WARN_CONSTANT_CONVERSION = YES;
				CLANG_WARN_DIRECT_OBJC_ISA_USAGE = YES_ERROR;
				CLANG_WARN_DOCUMENTATION_COMMENTS = YES;
				CLANG_WARN_EMPTY_BODY = YES;
				CLANG_WARN_ENUM_CONVERSION = YES;
				CLANG_WARN_INFINITE_RECURSION = YES;
				CLANG_WARN_INT_CONVERSION = YES;
				CLANG_WARN_NON_LITERAL_NULL_CONVERSION = YES;
				CLANG_WARN_OBJC_LITERAL_CONVERSION = YES;
				CLANG_WARN_OBJC_ROOT_CLASS = YES_ERROR;
				CLANG_WARN_RANGE_LOOP_ANALYSIS = YES;
				CLANG_WARN_STRICT_PROTOTYPES = YES;
				CLANG_WARN_SUSPICIOUS_MOVE = YES;
				CLANG_WARN_UNGUARDED_AVAILABILITY = YES_AGGRESSIVE;
				CLANG_WARN_UNREACHABLE_CODE = YES;
				CLANG_WARN__DUPLICATE_METHOD_MATCH = YES;
				CODE_SIGN_IDENTITY = "Mac Developer";
				COPY_PHASE_STRIP = NO;
				DEBUG_INFORMATION_FORMAT = dwarf;
				ENABLE_STRICT_OBJC_MSGSEND = YES;
				ENABLE_TESTABILITY = YES;
				GCC_C_LANGUAGE_STANDARD = gnu11;
				GCC_DYNAMIC_NO_PIC = NO;
				GCC_NO_COMMON_BLOCKS = YES;
				GCC_OPTIMIZATION_LEVEL = 0;
				GCC_PREPROCESSOR_DEFINITIONS = (
					"DEBUG=1",
					"$(inherited)",
				);
				GCC_WARN_64_TO_32_BIT_CONVERSION = YES;
				GCC_WARN_ABOUT_RETURN_TYPE = YES_ERROR;
				GCC_WARN_UNDECLARED_SELECTOR = YES;
				GCC_WARN_UNINITIALIZED_AUTOS = YES_AGGRESSIVE;
				GCC_WARN_UNUSED_FUNCTION = YES;
				GCC_WARN_UNUSED_VARIABLE = YES;
				MACOSX_DEPLOYMENT_TARGET = 10.13;
				MTL_ENABLE_DEBUG_INFO = YES;
				ONLY_ACTIVE_ARCH = YES;
				SDKROOT = macosx;
			};
			name = Debug;
		};
		59F4E6E8203E0E4600E55324 /* Release */ = {
			isa = XCBuildConfiguration;
			buildSettings = {
				ALWAYS_SEARCH_USER_PATHS = NO;
				CLANG_ANALYZER_NONNULL = YES;
				CLANG_ANALYZER_NUMBER_OBJECT_CONVERSION = YES_AGGRESSIVE;
				CLANG_CXX_LANGUAGE_STANDARD = "gnu++14";
				CLANG_CXX_LIBRARY = "libc++";
				CLANG_ENABLE_MODULES = YES;
				CLANG_ENABLE_OBJC_ARC = YES;
				CLANG_WARN_BLOCK_CAPTURE_AUTORELEASING = YES;
				CLANG_WARN_BOOL_CONVERSION = YES;
				CLANG_WARN_COMMA = YES;
				CLANG_WARN_CONSTANT_CONVERSION = YES;
				CLANG_WARN_DIRECT_OBJC_ISA_USAGE = YES_ERROR;
				CLANG_WARN_DOCUMENTATION_COMMENTS = YES;
				CLANG_WARN_EMPTY_BODY = YES;
				CLANG_WARN_ENUM_CONVERSION = YES;
				CLANG_WARN_INFINITE_RECURSION = YES;
				CLANG_WARN_INT_CONVERSION = YES;
				CLANG_WARN_NON_LITERAL_NULL_CONVERSION = YES;
				CLANG_WARN_OBJC_LITERAL_CONVERSION = YES;
				CLANG_WARN_OBJC_ROOT_CLASS = YES_ERROR;
				CLANG_WARN_RANGE_LOOP_ANALYSIS = YES;
				CLANG_WARN_STRICT_PROTOTYPES = YES;
				CLANG_WARN_SUSPICIOUS_MOVE = YES;
				CLANG_WARN_UNGUARDED_AVAILABILITY = YES_AGGRESSIVE;
				CLANG_WARN_UNREACHABLE_CODE = YES;
				CLANG_WARN__DUPLICATE_METHOD_MATCH = YES;
				CODE_SIGN_IDENTITY = "Mac Developer";
				COPY_PHASE_STRIP = NO;
				DEBUG_INFORMATION_FORMAT = "dwarf-with-dsym";
				ENABLE_NS_ASSERTIONS = NO;
				ENABLE_STRICT_OBJC_MSGSEND = YES;
				GCC_C_LANGUAGE_STANDARD = gnu11;
				GCC_NO_COMMON_BLOCKS = YES;
				GCC_WARN_64_TO_32_BIT_CONVERSION = YES;
				GCC_WARN_ABOUT_RETURN_TYPE = YES_ERROR;
				GCC_WARN_UNDECLARED_SELECTOR = YES;
				GCC_WARN_UNINITIALIZED_AUTOS = YES_AGGRESSIVE;
				GCC_WARN_UNUSED_FUNCTION = YES;
				GCC_WARN_UNUSED_VARIABLE = YES;
				MACOSX_DEPLOYMENT_TARGET = 10.13;
				MTL_ENABLE_DEBUG_INFO = NO;
				SDKROOT = macosx;
			};
			name = Release;
		};
		59F4E6EA203E0E4600E55324 /* Debug */ = {
			isa = XCBuildConfiguration;
			buildSettings = {
				CODE_SIGN_STYLE = Automatic;
				DEVELOPMENT_TEAM = 5GQX23F6J5;
				PRODUCT_NAME = "$(TARGET_NAME)";
			};
			name = Debug;
		};
		59F4E6EB203E0E4600E55324 /* Release */ = {
			isa = XCBuildConfiguration;
			buildSettings = {
				CODE_SIGN_STYLE = Automatic;
				DEVELOPMENT_TEAM = 5GQX23F6J5;
				PRODUCT_NAME = "$(TARGET_NAME)";
			};
			name = Release;
		};
/* End XCBuildConfiguration section */

/* Begin XCConfigurationList section */
		59F4E6DD203E0E4600E55324 /* Build configuration list for PBXProject "LSM_Tree" */ = {
			isa = XCConfigurationList;
			buildConfigurations = (
				59F4E6E7203E0E4600E55324 /* Debug */,
				59F4E6E8203E0E4600E55324 /* Release */,
			);
			defaultConfigurationIsVisible = 0;
			defaultConfigurationName = Release;
		};
		59F4E6E9203E0E4600E55324 /* Build configuration list for PBXNativeTarget "LSM_Tree" */ = {
			isa = XCConfigurationList;
			buildConfigurations = (
				59F4E6EA203E0E4600E55324 /* Debug */,
				59F4E6EB203E0E4600E55324 /* Release */,
			);
			defaultConfigurationIsVisible = 0;
			defaultConfigurationName = Release;
		};
/* End XCConfigurationList section */
	};
	rootObject = 59F4E6DA203E0E4600E55324 /* Project object */;
}
